// !$*UTF8*$!
{
	archiveVersion = 1;
	classes = {
	};
	objectVersion = 51;
	objects = {

/* Begin PBXBuildFile section */
		1274AF4DCFA22C7D9FC621E3 /* Pods_RxswiftExerciseTests.framework in Frameworks */ = {isa = PBXBuildFile; fileRef = D442902C97A2CBC0C8903783 /* Pods_RxswiftExerciseTests.framework */; };
		1B6999DD6F35AEBD70D9901E /* Pods_RxswiftExercise.framework in Frameworks */ = {isa = PBXBuildFile; fileRef = A42085E18A64C9DCD47F9ED0 /* Pods_RxswiftExercise.framework */; };
		525F548723AB20BB00804A4B /* AppDelegate.swift in Sources */ = {isa = PBXBuildFile; fileRef = 525F548623AB20BB00804A4B /* AppDelegate.swift */; };
		525F548923AB20BB00804A4B /* SceneDelegate.swift in Sources */ = {isa = PBXBuildFile; fileRef = 525F548823AB20BB00804A4B /* SceneDelegate.swift */; };
		525F548B23AB20BB00804A4B /* ViewController.swift in Sources */ = {isa = PBXBuildFile; fileRef = 525F548A23AB20BB00804A4B /* ViewController.swift */; };
		525F548E23AB20BC00804A4B /* Main.storyboard in Resources */ = {isa = PBXBuildFile; fileRef = 525F548C23AB20BC00804A4B /* Main.storyboard */; };
		525F549023AB20C100804A4B /* Assets.xcassets in Resources */ = {isa = PBXBuildFile; fileRef = 525F548F23AB20C100804A4B /* Assets.xcassets */; };
		525F549323AB20C100804A4B /* LaunchScreen.storyboard in Resources */ = {isa = PBXBuildFile; fileRef = 525F549123AB20C100804A4B /* LaunchScreen.storyboard */; };
		525F549E23AB20C100804A4B /* RxswiftExerciseTests.swift in Sources */ = {isa = PBXBuildFile; fileRef = 525F549D23AB20C100804A4B /* RxswiftExerciseTests.swift */; };
		525F54A923AB20C100804A4B /* RxswiftExerciseUITests.swift in Sources */ = {isa = PBXBuildFile; fileRef = 525F54A823AB20C100804A4B /* RxswiftExerciseUITests.swift */; };
		525F54B923AB24FA00804A4B /* SVViewController.swift in Sources */ = {isa = PBXBuildFile; fileRef = 525F54B823AB24FA00804A4B /* SVViewController.swift */; };
		52A934F423C3158C0013619C /* SimpleTableViewExample.storyboard in Resources */ = {isa = PBXBuildFile; fileRef = 52A934F323C3158C0013619C /* SimpleTableViewExample.storyboard */; };
		52A934F623C315A10013619C /* SimpleTableViewExampleViewController.swift in Sources */ = {isa = PBXBuildFile; fileRef = 52A934F523C315A10013619C /* SimpleTableViewExampleViewController.swift */; };
		52A934F823C319AF0013619C /* Wireframe.swift in Sources */ = {isa = PBXBuildFile; fileRef = 52A934F723C319AF0013619C /* Wireframe.swift */; };
		52C23DE623BF165700C3686F /* ImagePicker.storyboard in Resources */ = {isa = PBXBuildFile; fileRef = 52C23DE523BF165700C3686F /* ImagePicker.storyboard */; };
		52C23DEA23BF171F00C3686F /* ImagePickerController.swift in Sources */ = {isa = PBXBuildFile; fileRef = 52C23DE923BF171F00C3686F /* ImagePickerController.swift */; };
		52C23DF023BF1B9800C3686F /* UIImagePickerConterller+RxCreate.swift in Sources */ = {isa = PBXBuildFile; fileRef = 52C23DEF23BF1B9700C3686F /* UIImagePickerConterller+RxCreate.swift */; };
		52C23DF323BF25C300C3686F /* UIImagePickerController+Rx.swift in Sources */ = {isa = PBXBuildFile; fileRef = 52C23DF223BF25C300C3686F /* UIImagePickerController+Rx.swift */; };
		D36330D07C2C460C912A3634 /* Pods_RxswiftExerciseUITests.framework in Frameworks */ = {isa = PBXBuildFile; fileRef = A9DDB9C6FF9EC436254C770A /* Pods_RxswiftExerciseUITests.framework */; };
/* End PBXBuildFile section */

/* Begin PBXContainerItemProxy section */
		525F549A23AB20C100804A4B /* PBXContainerItemProxy */ = {
			isa = PBXContainerItemProxy;
			containerPortal = 525F547B23AB20BB00804A4B /* Project object */;
			proxyType = 1;
			remoteGlobalIDString = 525F548223AB20BB00804A4B;
			remoteInfo = RxswiftExercise;
		};
		525F54A523AB20C100804A4B /* PBXContainerItemProxy */ = {
			isa = PBXContainerItemProxy;
			containerPortal = 525F547B23AB20BB00804A4B /* Project object */;
			proxyType = 1;
			remoteGlobalIDString = 525F548223AB20BB00804A4B;
			remoteInfo = RxswiftExercise;
		};
/* End PBXContainerItemProxy section */

/* Begin PBXFileReference section */
		525F548323AB20BB00804A4B /* RxswiftExercise.app */ = {isa = PBXFileReference; explicitFileType = wrapper.application; includeInIndex = 0; path = RxswiftExercise.app; sourceTree = BUILT_PRODUCTS_DIR; };
		525F548623AB20BB00804A4B /* AppDelegate.swift */ = {isa = PBXFileReference; lastKnownFileType = sourcecode.swift; path = AppDelegate.swift; sourceTree = "<group>"; };
		525F548823AB20BB00804A4B /* SceneDelegate.swift */ = {isa = PBXFileReference; lastKnownFileType = sourcecode.swift; path = SceneDelegate.swift; sourceTree = "<group>"; };
		525F548A23AB20BB00804A4B /* ViewController.swift */ = {isa = PBXFileReference; lastKnownFileType = sourcecode.swift; path = ViewController.swift; sourceTree = "<group>"; };
		525F548D23AB20BC00804A4B /* Base */ = {isa = PBXFileReference; lastKnownFileType = file.storyboard; name = Base; path = Base.lproj/Main.storyboard; sourceTree = "<group>"; };
		525F548F23AB20C100804A4B /* Assets.xcassets */ = {isa = PBXFileReference; lastKnownFileType = folder.assetcatalog; path = Assets.xcassets; sourceTree = "<group>"; };
		525F549223AB20C100804A4B /* Base */ = {isa = PBXFileReference; lastKnownFileType = file.storyboard; name = Base; path = Base.lproj/LaunchScreen.storyboard; sourceTree = "<group>"; };
		525F549423AB20C100804A4B /* Info.plist */ = {isa = PBXFileReference; lastKnownFileType = text.plist.xml; path = Info.plist; sourceTree = "<group>"; };
		525F549923AB20C100804A4B /* RxswiftExerciseTests.xctest */ = {isa = PBXFileReference; explicitFileType = wrapper.cfbundle; includeInIndex = 0; path = RxswiftExerciseTests.xctest; sourceTree = BUILT_PRODUCTS_DIR; };
		525F549D23AB20C100804A4B /* RxswiftExerciseTests.swift */ = {isa = PBXFileReference; lastKnownFileType = sourcecode.swift; path = RxswiftExerciseTests.swift; sourceTree = "<group>"; };
		525F549F23AB20C100804A4B /* Info.plist */ = {isa = PBXFileReference; lastKnownFileType = text.plist.xml; path = Info.plist; sourceTree = "<group>"; };
		525F54A423AB20C100804A4B /* RxswiftExerciseUITests.xctest */ = {isa = PBXFileReference; explicitFileType = wrapper.cfbundle; includeInIndex = 0; path = RxswiftExerciseUITests.xctest; sourceTree = BUILT_PRODUCTS_DIR; };
		525F54A823AB20C100804A4B /* RxswiftExerciseUITests.swift */ = {isa = PBXFileReference; lastKnownFileType = sourcecode.swift; path = RxswiftExerciseUITests.swift; sourceTree = "<group>"; };
		525F54AA23AB20C100804A4B /* Info.plist */ = {isa = PBXFileReference; lastKnownFileType = text.plist.xml; path = Info.plist; sourceTree = "<group>"; };
		525F54B823AB24FA00804A4B /* SVViewController.swift */ = {isa = PBXFileReference; lastKnownFileType = sourcecode.swift; path = SVViewController.swift; sourceTree = "<group>"; };
		52A934F323C3158C0013619C /* SimpleTableViewExample.storyboard */ = {isa = PBXFileReference; lastKnownFileType = file.storyboard; path = SimpleTableViewExample.storyboard; sourceTree = "<group>"; };
		52A934F523C315A10013619C /* SimpleTableViewExampleViewController.swift */ = {isa = PBXFileReference; lastKnownFileType = sourcecode.swift; path = SimpleTableViewExampleViewController.swift; sourceTree = "<group>"; };
		52A934F723C319AF0013619C /* Wireframe.swift */ = {isa = PBXFileReference; fileEncoding = 4; lastKnownFileType = sourcecode.swift; path = Wireframe.swift; sourceTree = "<group>"; };
		52C23DE523BF165700C3686F /* ImagePicker.storyboard */ = {isa = PBXFileReference; lastKnownFileType = file.storyboard; path = ImagePicker.storyboard; sourceTree = "<group>"; };
		52C23DE923BF171F00C3686F /* ImagePickerController.swift */ = {isa = PBXFileReference; lastKnownFileType = sourcecode.swift; path = ImagePickerController.swift; sourceTree = "<group>"; };
		52C23DEF23BF1B9700C3686F /* UIImagePickerConterller+RxCreate.swift */ = {isa = PBXFileReference; lastKnownFileType = sourcecode.swift; path = "UIImagePickerConterller+RxCreate.swift"; sourceTree = "<group>"; };
		52C23DF223BF25C300C3686F /* UIImagePickerController+Rx.swift */ = {isa = PBXFileReference; fileEncoding = 4; lastKnownFileType = sourcecode.swift; path = "UIImagePickerController+Rx.swift"; sourceTree = "<group>"; };
		97A13B95C4DA8BA697490F16 /* Pods-RxswiftExercise.debug.xcconfig */ = {isa = PBXFileReference; includeInIndex = 1; lastKnownFileType = text.xcconfig; name = "Pods-RxswiftExercise.debug.xcconfig"; path = "Target Support Files/Pods-RxswiftExercise/Pods-RxswiftExercise.debug.xcconfig"; sourceTree = "<group>"; };
		A42085E18A64C9DCD47F9ED0 /* Pods_RxswiftExercise.framework */ = {isa = PBXFileReference; explicitFileType = wrapper.framework; includeInIndex = 0; path = Pods_RxswiftExercise.framework; sourceTree = BUILT_PRODUCTS_DIR; };
		A5A384A4B5EFB3366A2B47DD /* Pods-RxswiftExerciseTests.debug.xcconfig */ = {isa = PBXFileReference; includeInIndex = 1; lastKnownFileType = text.xcconfig; name = "Pods-RxswiftExerciseTests.debug.xcconfig"; path = "Target Support Files/Pods-RxswiftExerciseTests/Pods-RxswiftExerciseTests.debug.xcconfig"; sourceTree = "<group>"; };
		A9DDB9C6FF9EC436254C770A /* Pods_RxswiftExerciseUITests.framework */ = {isa = PBXFileReference; explicitFileType = wrapper.framework; includeInIndex = 0; path = Pods_RxswiftExerciseUITests.framework; sourceTree = BUILT_PRODUCTS_DIR; };
		BB4A2D336F5ED2B9FD8FD687 /* Pods-RxswiftExerciseTests.release.xcconfig */ = {isa = PBXFileReference; includeInIndex = 1; lastKnownFileType = text.xcconfig; name = "Pods-RxswiftExerciseTests.release.xcconfig"; path = "Target Support Files/Pods-RxswiftExerciseTests/Pods-RxswiftExerciseTests.release.xcconfig"; sourceTree = "<group>"; };
		C07B6E43029EE65A91C70508 /* Pods-RxswiftExerciseUITests.debug.xcconfig */ = {isa = PBXFileReference; includeInIndex = 1; lastKnownFileType = text.xcconfig; name = "Pods-RxswiftExerciseUITests.debug.xcconfig"; path = "Target Support Files/Pods-RxswiftExerciseUITests/Pods-RxswiftExerciseUITests.debug.xcconfig"; sourceTree = "<group>"; };
		D442902C97A2CBC0C8903783 /* Pods_RxswiftExerciseTests.framework */ = {isa = PBXFileReference; explicitFileType = wrapper.framework; includeInIndex = 0; path = Pods_RxswiftExerciseTests.framework; sourceTree = BUILT_PRODUCTS_DIR; };
		E2F6A24F331FFA94985A29B0 /* Pods-RxswiftExercise.release.xcconfig */ = {isa = PBXFileReference; includeInIndex = 1; lastKnownFileType = text.xcconfig; name = "Pods-RxswiftExercise.release.xcconfig"; path = "Target Support Files/Pods-RxswiftExercise/Pods-RxswiftExercise.release.xcconfig"; sourceTree = "<group>"; };
		F10464428B3B351996C62495 /* Pods-RxswiftExerciseUITests.release.xcconfig */ = {isa = PBXFileReference; includeInIndex = 1; lastKnownFileType = text.xcconfig; name = "Pods-RxswiftExerciseUITests.release.xcconfig"; path = "Target Support Files/Pods-RxswiftExerciseUITests/Pods-RxswiftExerciseUITests.release.xcconfig"; sourceTree = "<group>"; };
/* End PBXFileReference section */

/* Begin PBXFrameworksBuildPhase section */
		525F548023AB20BB00804A4B /* Frameworks */ = {
			isa = PBXFrameworksBuildPhase;
			buildActionMask = 2147483647;
			files = (
				1B6999DD6F35AEBD70D9901E /* Pods_RxswiftExercise.framework in Frameworks */,
			);
			runOnlyForDeploymentPostprocessing = 0;
		};
		525F549623AB20C100804A4B /* Frameworks */ = {
			isa = PBXFrameworksBuildPhase;
			buildActionMask = 2147483647;
			files = (
				1274AF4DCFA22C7D9FC621E3 /* Pods_RxswiftExerciseTests.framework in Frameworks */,
			);
			runOnlyForDeploymentPostprocessing = 0;
		};
		525F54A123AB20C100804A4B /* Frameworks */ = {
			isa = PBXFrameworksBuildPhase;
			buildActionMask = 2147483647;
			files = (
				D36330D07C2C460C912A3634 /* Pods_RxswiftExerciseUITests.framework in Frameworks */,
			);
			runOnlyForDeploymentPostprocessing = 0;
		};
/* End PBXFrameworksBuildPhase section */

/* Begin PBXGroup section */
		0745E358262770E25B15898F /* Frameworks */ = {
			isa = PBXGroup;
			children = (
				A42085E18A64C9DCD47F9ED0 /* Pods_RxswiftExercise.framework */,
				D442902C97A2CBC0C8903783 /* Pods_RxswiftExerciseTests.framework */,
				A9DDB9C6FF9EC436254C770A /* Pods_RxswiftExerciseUITests.framework */,
			);
			name = Frameworks;
			sourceTree = "<group>";
		};
		525F547A23AB20BB00804A4B = {
			isa = PBXGroup;
			children = (
				525F548523AB20BB00804A4B /* RxswiftExercise */,
				525F549C23AB20C100804A4B /* RxswiftExerciseTests */,
				525F54A723AB20C100804A4B /* RxswiftExerciseUITests */,
				525F548423AB20BB00804A4B /* Products */,
				909E32885ED8A83F5F86BA4A /* Pods */,
				0745E358262770E25B15898F /* Frameworks */,
			);
			sourceTree = "<group>";
		};
		525F548423AB20BB00804A4B /* Products */ = {
			isa = PBXGroup;
			children = (
				525F548323AB20BB00804A4B /* RxswiftExercise.app */,
				525F549923AB20C100804A4B /* RxswiftExerciseTests.xctest */,
				525F54A423AB20C100804A4B /* RxswiftExerciseUITests.xctest */,
			);
			name = Products;
			sourceTree = "<group>";
		};
		525F548523AB20BB00804A4B /* RxswiftExercise */ = {
			isa = PBXGroup;
			children = (
				52A934F223C315670013619C /* SimpleTableViewExample */,
				52C23DF123BF25AC00C3686F /* Extensions */,
				52C23DE423BEED4000C3686F /* ImagePicker */,
				525F548623AB20BB00804A4B /* AppDelegate.swift */,
				525F548823AB20BB00804A4B /* SceneDelegate.swift */,
				525F548A23AB20BB00804A4B /* ViewController.swift */,
				525F54B823AB24FA00804A4B /* SVViewController.swift */,
				52A934F723C319AF0013619C /* Wireframe.swift */,
				525F548C23AB20BC00804A4B /* Main.storyboard */,
				525F548F23AB20C100804A4B /* Assets.xcassets */,
				525F549123AB20C100804A4B /* LaunchScreen.storyboard */,
				525F549423AB20C100804A4B /* Info.plist */,
			);
			path = RxswiftExercise;
			sourceTree = "<group>";
		};
		525F549C23AB20C100804A4B /* RxswiftExerciseTests */ = {
			isa = PBXGroup;
			children = (
				525F549D23AB20C100804A4B /* RxswiftExerciseTests.swift */,
				525F549F23AB20C100804A4B /* Info.plist */,
			);
			path = RxswiftExerciseTests;
			sourceTree = "<group>";
		};
		525F54A723AB20C100804A4B /* RxswiftExerciseUITests */ = {
			isa = PBXGroup;
			children = (
				525F54A823AB20C100804A4B /* RxswiftExerciseUITests.swift */,
				525F54AA23AB20C100804A4B /* Info.plist */,
			);
			path = RxswiftExerciseUITests;
			sourceTree = "<group>";
		};
		52A934F223C315670013619C /* SimpleTableViewExample */ = {
			isa = PBXGroup;
			children = (
				52A934F323C3158C0013619C /* SimpleTableViewExample.storyboard */,
				52A934F523C315A10013619C /* SimpleTableViewExampleViewController.swift */,
			);
			path = SimpleTableViewExample;
			sourceTree = "<group>";
		};
		52C23DE423BEED4000C3686F /* ImagePicker */ = {
			isa = PBXGroup;
			children = (
				52C23DE523BF165700C3686F /* ImagePicker.storyboard */,
				52C23DE923BF171F00C3686F /* ImagePickerController.swift */,
				52C23DEF23BF1B9700C3686F /* UIImagePickerConterller+RxCreate.swift */,
			);
			path = ImagePicker;
			sourceTree = "<group>";
		};
		52C23DF123BF25AC00C3686F /* Extensions */ = {
			isa = PBXGroup;
			children = (
				52C23DF223BF25C300C3686F /* UIImagePickerController+Rx.swift */,
			);
			path = Extensions;
			sourceTree = "<group>";
		};
		909E32885ED8A83F5F86BA4A /* Pods */ = {
			isa = PBXGroup;
			children = (
				97A13B95C4DA8BA697490F16 /* Pods-RxswiftExercise.debug.xcconfig */,
				E2F6A24F331FFA94985A29B0 /* Pods-RxswiftExercise.release.xcconfig */,
				A5A384A4B5EFB3366A2B47DD /* Pods-RxswiftExerciseTests.debug.xcconfig */,
				BB4A2D336F5ED2B9FD8FD687 /* Pods-RxswiftExerciseTests.release.xcconfig */,
				C07B6E43029EE65A91C70508 /* Pods-RxswiftExerciseUITests.debug.xcconfig */,
				F10464428B3B351996C62495 /* Pods-RxswiftExerciseUITests.release.xcconfig */,
			);
			path = Pods;
			sourceTree = "<group>";
		};
/* End PBXGroup section */

/* Begin PBXNativeTarget section */
		525F548223AB20BB00804A4B /* RxswiftExercise */ = {
			isa = PBXNativeTarget;
			buildConfigurationList = 525F54AD23AB20C100804A4B /* Build configuration list for PBXNativeTarget "RxswiftExercise" */;
			buildPhases = (
				06B76DF652C299F4968F3980 /* [CP] Check Pods Manifest.lock */,
				525F547F23AB20BB00804A4B /* Sources */,
				525F548023AB20BB00804A4B /* Frameworks */,
				525F548123AB20BB00804A4B /* Resources */,
				4D0CA18FBD442D42A8EA305B /* [CP] Embed Pods Frameworks */,
			);
			buildRules = (
			);
			dependencies = (
			);
			name = RxswiftExercise;
			productName = RxswiftExercise;
			productReference = 525F548323AB20BB00804A4B /* RxswiftExercise.app */;
			productType = "com.apple.product-type.application";
		};
		525F549823AB20C100804A4B /* RxswiftExerciseTests */ = {
			isa = PBXNativeTarget;
			buildConfigurationList = 525F54B023AB20C100804A4B /* Build configuration list for PBXNativeTarget "RxswiftExerciseTests" */;
			buildPhases = (
				228BB40DE04A07558E79E727 /* [CP] Check Pods Manifest.lock */,
				525F549523AB20C100804A4B /* Sources */,
				525F549623AB20C100804A4B /* Frameworks */,
				525F549723AB20C100804A4B /* Resources */,
			);
			buildRules = (
			);
			dependencies = (
				525F549B23AB20C100804A4B /* PBXTargetDependency */,
			);
			name = RxswiftExerciseTests;
			productName = RxswiftExerciseTests;
			productReference = 525F549923AB20C100804A4B /* RxswiftExerciseTests.xctest */;
			productType = "com.apple.product-type.bundle.unit-test";
		};
		525F54A323AB20C100804A4B /* RxswiftExerciseUITests */ = {
			isa = PBXNativeTarget;
			buildConfigurationList = 525F54B323AB20C100804A4B /* Build configuration list for PBXNativeTarget "RxswiftExerciseUITests" */;
			buildPhases = (
				6206E3351D6CC40C9226FF29 /* [CP] Check Pods Manifest.lock */,
				525F54A023AB20C100804A4B /* Sources */,
				525F54A123AB20C100804A4B /* Frameworks */,
				525F54A223AB20C100804A4B /* Resources */,
			);
			buildRules = (
			);
			dependencies = (
				525F54A623AB20C100804A4B /* PBXTargetDependency */,
			);
			name = RxswiftExerciseUITests;
			productName = RxswiftExerciseUITests;
			productReference = 525F54A423AB20C100804A4B /* RxswiftExerciseUITests.xctest */;
			productType = "com.apple.product-type.bundle.ui-testing";
		};
/* End PBXNativeTarget section */

/* Begin PBXProject section */
		525F547B23AB20BB00804A4B /* Project object */ = {
			isa = PBXProject;
			attributes = {
				LastSwiftUpdateCheck = 1130;
				LastUpgradeCheck = 1130;
				ORGANIZATIONNAME = "刘帅仪";
				TargetAttributes = {
					525F548223AB20BB00804A4B = {
						CreatedOnToolsVersion = 11.3;
						LastSwiftMigration = 1130;
					};
					525F549823AB20C100804A4B = {
						CreatedOnToolsVersion = 11.3;
						TestTargetID = 525F548223AB20BB00804A4B;
					};
					525F54A323AB20C100804A4B = {
						CreatedOnToolsVersion = 11.3;
						TestTargetID = 525F548223AB20BB00804A4B;
					};
				};
			};
			buildConfigurationList = 525F547E23AB20BB00804A4B /* Build configuration list for PBXProject "RxswiftExercise" */;
			compatibilityVersion = "Xcode 9.3";
			developmentRegion = en;
			hasScannedForEncodings = 0;
			knownRegions = (
				en,
				Base,
			);
			mainGroup = 525F547A23AB20BB00804A4B;
			productRefGroup = 525F548423AB20BB00804A4B /* Products */;
			projectDirPath = "";
			projectRoot = "";
			targets = (
				525F548223AB20BB00804A4B /* RxswiftExercise */,
				525F549823AB20C100804A4B /* RxswiftExerciseTests */,
				525F54A323AB20C100804A4B /* RxswiftExerciseUITests */,
			);
		};
/* End PBXProject section */

/* Begin PBXResourcesBuildPhase section */
		525F548123AB20BB00804A4B /* Resources */ = {
			isa = PBXResourcesBuildPhase;
			buildActionMask = 2147483647;
			files = (
				525F549323AB20C100804A4B /* LaunchScreen.storyboard in Resources */,
				52A934F423C3158C0013619C /* SimpleTableViewExample.storyboard in Resources */,
				525F549023AB20C100804A4B /* Assets.xcassets in Resources */,
				52C23DE623BF165700C3686F /* ImagePicker.storyboard in Resources */,
				525F548E23AB20BC00804A4B /* Main.storyboard in Resources */,
			);
			runOnlyForDeploymentPostprocessing = 0;
		};
		525F549723AB20C100804A4B /* Resources */ = {
			isa = PBXResourcesBuildPhase;
			buildActionMask = 2147483647;
			files = (
			);
			runOnlyForDeploymentPostprocessing = 0;
		};
		525F54A223AB20C100804A4B /* Resources */ = {
			isa = PBXResourcesBuildPhase;
			buildActionMask = 2147483647;
			files = (
			);
			runOnlyForDeploymentPostprocessing = 0;
		};
/* End PBXResourcesBuildPhase section */

/* Begin PBXShellScriptBuildPhase section */
		06B76DF652C299F4968F3980 /* [CP] Check Pods Manifest.lock */ = {
			isa = PBXShellScriptBuildPhase;
			buildActionMask = 2147483647;
			files = (
			);
			inputFileListPaths = (
			);
			inputPaths = (
				"${PODS_PODFILE_DIR_PATH}/Podfile.lock",
				"${PODS_ROOT}/Manifest.lock",
			);
			name = "[CP] Check Pods Manifest.lock";
			outputFileListPaths = (
			);
			outputPaths = (
				"$(DERIVED_FILE_DIR)/Pods-RxswiftExercise-checkManifestLockResult.txt",
			);
			runOnlyForDeploymentPostprocessing = 0;
			shellPath = /bin/sh;
			shellScript = "diff \"${PODS_PODFILE_DIR_PATH}/Podfile.lock\" \"${PODS_ROOT}/Manifest.lock\" > /dev/null\nif [ $? != 0 ] ; then\n    # print error to STDERR\n    echo \"error: The sandbox is not in sync with the Podfile.lock. Run 'pod install' or update your CocoaPods installation.\" >&2\n    exit 1\nfi\n# This output is used by Xcode 'outputs' to avoid re-running this script phase.\necho \"SUCCESS\" > \"${SCRIPT_OUTPUT_FILE_0}\"\n";
			showEnvVarsInLog = 0;
		};
		228BB40DE04A07558E79E727 /* [CP] Check Pods Manifest.lock */ = {
			isa = PBXShellScriptBuildPhase;
			buildActionMask = 2147483647;
			files = (
			);
			inputFileListPaths = (
			);
			inputPaths = (
				"${PODS_PODFILE_DIR_PATH}/Podfile.lock",
				"${PODS_ROOT}/Manifest.lock",
			);
			name = "[CP] Check Pods Manifest.lock";
			outputFileListPaths = (
			);
			outputPaths = (
				"$(DERIVED_FILE_DIR)/Pods-RxswiftExerciseTests-checkManifestLockResult.txt",
			);
			runOnlyForDeploymentPostprocessing = 0;
			shellPath = /bin/sh;
			shellScript = "diff \"${PODS_PODFILE_DIR_PATH}/Podfile.lock\" \"${PODS_ROOT}/Manifest.lock\" > /dev/null\nif [ $? != 0 ] ; then\n    # print error to STDERR\n    echo \"error: The sandbox is not in sync with the Podfile.lock. Run 'pod install' or update your CocoaPods installation.\" >&2\n    exit 1\nfi\n# This output is used by Xcode 'outputs' to avoid re-running this script phase.\necho \"SUCCESS\" > \"${SCRIPT_OUTPUT_FILE_0}\"\n";
			showEnvVarsInLog = 0;
		};
		4D0CA18FBD442D42A8EA305B /* [CP] Embed Pods Frameworks */ = {
			isa = PBXShellScriptBuildPhase;
			buildActionMask = 2147483647;
			files = (
			);
			inputFileListPaths = (
				"${PODS_ROOT}/Target Support Files/Pods-RxswiftExercise/Pods-RxswiftExercise-frameworks-${CONFIGURATION}-input-files.xcfilelist",
			);
			name = "[CP] Embed Pods Frameworks";
			outputFileListPaths = (
				"${PODS_ROOT}/Target Support Files/Pods-RxswiftExercise/Pods-RxswiftExercise-frameworks-${CONFIGURATION}-output-files.xcfilelist",
			);
			runOnlyForDeploymentPostprocessing = 0;
			shellPath = /bin/sh;
			shellScript = "\"${PODS_ROOT}/Target Support Files/Pods-RxswiftExercise/Pods-RxswiftExercise-frameworks.sh\"\n";
			showEnvVarsInLog = 0;
		};
		6206E3351D6CC40C9226FF29 /* [CP] Check Pods Manifest.lock */ = {
			isa = PBXShellScriptBuildPhase;
			buildActionMask = 2147483647;
			files = (
			);
			inputFileListPaths = (
			);
			inputPaths = (
				"${PODS_PODFILE_DIR_PATH}/Podfile.lock",
				"${PODS_ROOT}/Manifest.lock",
			);
			name = "[CP] Check Pods Manifest.lock";
			outputFileListPaths = (
			);
			outputPaths = (
				"$(DERIVED_FILE_DIR)/Pods-RxswiftExerciseUITests-checkManifestLockResult.txt",
			);
			runOnlyForDeploymentPostprocessing = 0;
			shellPath = /bin/sh;
			shellScript = "diff \"${PODS_PODFILE_DIR_PATH}/Podfile.lock\" \"${PODS_ROOT}/Manifest.lock\" > /dev/null\nif [ $? != 0 ] ; then\n    # print error to STDERR\n    echo \"error: The sandbox is not in sync with the Podfile.lock. Run 'pod install' or update your CocoaPods installation.\" >&2\n    exit 1\nfi\n# This output is used by Xcode 'outputs' to avoid re-running this script phase.\necho \"SUCCESS\" > \"${SCRIPT_OUTPUT_FILE_0}\"\n";
			showEnvVarsInLog = 0;
		};
/* End PBXShellScriptBuildPhase section */

/* Begin PBXSourcesBuildPhase section */
		525F547F23AB20BB00804A4B /* Sources */ = {
			isa = PBXSourcesBuildPhase;
			buildActionMask = 2147483647;
			files = (
				525F548B23AB20BB00804A4B /* ViewController.swift in Sources */,
				525F54B923AB24FA00804A4B /* SVViewController.swift in Sources */,
				52C23DF323BF25C300C3686F /* UIImagePickerController+Rx.swift in Sources */,
				52C23DEA23BF171F00C3686F /* ImagePickerController.swift in Sources */,
				52C23DF023BF1B9800C3686F /* UIImagePickerConterller+RxCreate.swift in Sources */,
				52A934F823C319AF0013619C /* Wireframe.swift in Sources */,
				52A934F623C315A10013619C /* SimpleTableViewExampleViewController.swift in Sources */,
				525F548723AB20BB00804A4B /* AppDelegate.swift in Sources */,
				525F548923AB20BB00804A4B /* SceneDelegate.swift in Sources */,
			);
			runOnlyForDeploymentPostprocessing = 0;
		};
		525F549523AB20C100804A4B /* Sources */ = {
			isa = PBXSourcesBuildPhase;
			buildActionMask = 2147483647;
			files = (
				525F549E23AB20C100804A4B /* RxswiftExerciseTests.swift in Sources */,
			);
			runOnlyForDeploymentPostprocessing = 0;
		};
		525F54A023AB20C100804A4B /* Sources */ = {
			isa = PBXSourcesBuildPhase;
			buildActionMask = 2147483647;
			files = (
				525F54A923AB20C100804A4B /* RxswiftExerciseUITests.swift in Sources */,
			);
			runOnlyForDeploymentPostprocessing = 0;
		};
/* End PBXSourcesBuildPhase section */

/* Begin PBXTargetDependency section */
		525F549B23AB20C100804A4B /* PBXTargetDependency */ = {
			isa = PBXTargetDependency;
			target = 525F548223AB20BB00804A4B /* RxswiftExercise */;
			targetProxy = 525F549A23AB20C100804A4B /* PBXContainerItemProxy */;
		};
		525F54A623AB20C100804A4B /* PBXTargetDependency */ = {
			isa = PBXTargetDependency;
			target = 525F548223AB20BB00804A4B /* RxswiftExercise */;
			targetProxy = 525F54A523AB20C100804A4B /* PBXContainerItemProxy */;
		};
/* End PBXTargetDependency section */

/* Begin PBXVariantGroup section */
		525F548C23AB20BC00804A4B /* Main.storyboard */ = {
			isa = PBXVariantGroup;
			children = (
				525F548D23AB20BC00804A4B /* Base */,
			);
			name = Main.storyboard;
			sourceTree = "<group>";
		};
		525F549123AB20C100804A4B /* LaunchScreen.storyboard */ = {
			isa = PBXVariantGroup;
			children = (
				525F549223AB20C100804A4B /* Base */,
			);
			name = LaunchScreen.storyboard;
			sourceTree = "<group>";
		};
/* End PBXVariantGroup section */

/* Begin XCBuildConfiguration section */
		525F54AB23AB20C100804A4B /* Debug */ = {
			isa = XCBuildConfiguration;
			buildSettings = {
				ALWAYS_SEARCH_USER_PATHS = NO;
				CLANG_ANALYZER_NONNULL = YES;
				CLANG_ANALYZER_NUMBER_OBJECT_CONVERSION = YES_AGGRESSIVE;
				CLANG_CXX_LANGUAGE_STANDARD = "gnu++14";
				CLANG_CXX_LIBRARY = "libc++";
				CLANG_ENABLE_MODULES = YES;
				CLANG_ENABLE_OBJC_ARC = YES;
				CLANG_ENABLE_OBJC_WEAK = YES;
				CLANG_WARN_BLOCK_CAPTURE_AUTORELEASING = YES;
				CLANG_WARN_BOOL_CONVERSION = YES;
				CLANG_WARN_COMMA = YES;
				CLANG_WARN_CONSTANT_CONVERSION = YES;
				CLANG_WARN_DEPRECATED_OBJC_IMPLEMENTATIONS = YES;
				CLANG_WARN_DIRECT_OBJC_ISA_USAGE = YES_ERROR;
				CLANG_WARN_DOCUMENTATION_COMMENTS = YES;
				CLANG_WARN_EMPTY_BODY = YES;
				CLANG_WARN_ENUM_CONVERSION = YES;
				CLANG_WARN_INFINITE_RECURSION = YES;
				CLANG_WARN_INT_CONVERSION = YES;
				CLANG_WARN_NON_LITERAL_NULL_CONVERSION = YES;
				CLANG_WARN_OBJC_IMPLICIT_RETAIN_SELF = YES;
				CLANG_WARN_OBJC_LITERAL_CONVERSION = YES;
				CLANG_WARN_OBJC_ROOT_CLASS = YES_ERROR;
				CLANG_WARN_RANGE_LOOP_ANALYSIS = YES;
				CLANG_WARN_STRICT_PROTOTYPES = YES;
				CLANG_WARN_SUSPICIOUS_MOVE = YES;
				CLANG_WARN_UNGUARDED_AVAILABILITY = YES_AGGRESSIVE;
				CLANG_WARN_UNREACHABLE_CODE = YES;
				CLANG_WARN__DUPLICATE_METHOD_MATCH = YES;
				COPY_PHASE_STRIP = NO;
				DEBUG_INFORMATION_FORMAT = dwarf;
				ENABLE_STRICT_OBJC_MSGSEND = YES;
				ENABLE_TESTABILITY = YES;
				GCC_C_LANGUAGE_STANDARD = gnu11;
				GCC_DYNAMIC_NO_PIC = NO;
				GCC_NO_COMMON_BLOCKS = YES;
				GCC_OPTIMIZATION_LEVEL = 0;
				GCC_PREPROCESSOR_DEFINITIONS = (
					"DEBUG=1",
					"$(inherited)",
				);
				GCC_WARN_64_TO_32_BIT_CONVERSION = YES;
				GCC_WARN_ABOUT_RETURN_TYPE = YES_ERROR;
				GCC_WARN_UNDECLARED_SELECTOR = YES;
				GCC_WARN_UNINITIALIZED_AUTOS = YES_AGGRESSIVE;
				GCC_WARN_UNUSED_FUNCTION = YES;
				GCC_WARN_UNUSED_VARIABLE = YES;
				IPHONEOS_DEPLOYMENT_TARGET = 13.2;
				MTL_ENABLE_DEBUG_INFO = INCLUDE_SOURCE;
				MTL_FAST_MATH = YES;
				ONLY_ACTIVE_ARCH = YES;
				SDKROOT = iphoneos;
				SWIFT_ACTIVE_COMPILATION_CONDITIONS = DEBUG;
				SWIFT_OPTIMIZATION_LEVEL = "-Onone";
			};
			name = Debug;
		};
		525F54AC23AB20C100804A4B /* Release */ = {
			isa = XCBuildConfiguration;
			buildSettings = {
				ALWAYS_SEARCH_USER_PATHS = NO;
				CLANG_ANALYZER_NONNULL = YES;
				CLANG_ANALYZER_NUMBER_OBJECT_CONVERSION = YES_AGGRESSIVE;
				CLANG_CXX_LANGUAGE_STANDARD = "gnu++14";
				CLANG_CXX_LIBRARY = "libc++";
				CLANG_ENABLE_MODULES = YES;
				CLANG_ENABLE_OBJC_ARC = YES;
				CLANG_ENABLE_OBJC_WEAK = YES;
				CLANG_WARN_BLOCK_CAPTURE_AUTORELEASING = YES;
				CLANG_WARN_BOOL_CONVERSION = YES;
				CLANG_WARN_COMMA = YES;
				CLANG_WARN_CONSTANT_CONVERSION = YES;
				CLANG_WARN_DEPRECATED_OBJC_IMPLEMENTATIONS = YES;
				CLANG_WARN_DIRECT_OBJC_ISA_USAGE = YES_ERROR;
				CLANG_WARN_DOCUMENTATION_COMMENTS = YES;
				CLANG_WARN_EMPTY_BODY = YES;
				CLANG_WARN_ENUM_CONVERSION = YES;
				CLANG_WARN_INFINITE_RECURSION = YES;
				CLANG_WARN_INT_CONVERSION = YES;
				CLANG_WARN_NON_LITERAL_NULL_CONVERSION = YES;
				CLANG_WARN_OBJC_IMPLICIT_RETAIN_SELF = YES;
				CLANG_WARN_OBJC_LITERAL_CONVERSION = YES;
				CLANG_WARN_OBJC_ROOT_CLASS = YES_ERROR;
				CLANG_WARN_RANGE_LOOP_ANALYSIS = YES;
				CLANG_WARN_STRICT_PROTOTYPES = YES;
				CLANG_WARN_SUSPICIOUS_MOVE = YES;
				CLANG_WARN_UNGUARDED_AVAILABILITY = YES_AGGRESSIVE;
				CLANG_WARN_UNREACHABLE_CODE = YES;
				CLANG_WARN__DUPLICATE_METHOD_MATCH = YES;
				COPY_PHASE_STRIP = NO;
				DEBUG_INFORMATION_FORMAT = "dwarf-with-dsym";
				ENABLE_NS_ASSERTIONS = NO;
				ENABLE_STRICT_OBJC_MSGSEND = YES;
				GCC_C_LANGUAGE_STANDARD = gnu11;
				GCC_NO_COMMON_BLOCKS = YES;
				GCC_WARN_64_TO_32_BIT_CONVERSION = YES;
				GCC_WARN_ABOUT_RETURN_TYPE = YES_ERROR;
				GCC_WARN_UNDECLARED_SELECTOR = YES;
				GCC_WARN_UNINITIALIZED_AUTOS = YES_AGGRESSIVE;
				GCC_WARN_UNUSED_FUNCTION = YES;
				GCC_WARN_UNUSED_VARIABLE = YES;
				IPHONEOS_DEPLOYMENT_TARGET = 13.2;
				MTL_ENABLE_DEBUG_INFO = NO;
				MTL_FAST_MATH = YES;
				SDKROOT = iphoneos;
				SWIFT_COMPILATION_MODE = wholemodule;
				SWIFT_OPTIMIZATION_LEVEL = "-O";
				VALIDATE_PRODUCT = YES;
			};
			name = Release;
		};
		525F54AE23AB20C100804A4B /* Debug */ = {
			isa = XCBuildConfiguration;
			baseConfigurationReference = 97A13B95C4DA8BA697490F16 /* Pods-RxswiftExercise.debug.xcconfig */;
			buildSettings = {
				ASSETCATALOG_COMPILER_APPICON_NAME = AppIcon;
				CLANG_ENABLE_MODULES = YES;
				CODE_SIGN_STYLE = Automatic;
				DEVELOPMENT_TEAM = 7HK2Q8XPT5;
				INFOPLIST_FILE = RxswiftExercise/Info.plist;
				LD_RUNPATH_SEARCH_PATHS = (
					"$(inherited)",
					"@executable_path/Frameworks",
				);
				PRODUCT_BUNDLE_IDENTIFIER = com.aa.RxswiftExercise;
				PRODUCT_NAME = "$(TARGET_NAME)";
				SWIFT_OBJC_BRIDGING_HEADER = "";
				SWIFT_OPTIMIZATION_LEVEL = "-Onone";
				SWIFT_VERSION = 5.0;
				TARGETED_DEVICE_FAMILY = "1,2";
			};
			name = Debug;
		};
		525F54AF23AB20C100804A4B /* Release */ = {
			isa = XCBuildConfiguration;
			baseConfigurationReference = E2F6A24F331FFA94985A29B0 /* Pods-RxswiftExercise.release.xcconfig */;
			buildSettings = {
				ASSETCATALOG_COMPILER_APPICON_NAME = AppIcon;
				CLANG_ENABLE_MODULES = YES;
				CODE_SIGN_STYLE = Automatic;
				DEVELOPMENT_TEAM = 7HK2Q8XPT5;
				INFOPLIST_FILE = RxswiftExercise/Info.plist;
				LD_RUNPATH_SEARCH_PATHS = (
					"$(inherited)",
					"@executable_path/Frameworks",
				);
				PRODUCT_BUNDLE_IDENTIFIER = com.aa.RxswiftExercise;
				PRODUCT_NAME = "$(TARGET_NAME)";
				SWIFT_OBJC_BRIDGING_HEADER = "";
				SWIFT_VERSION = 5.0;
				TARGETED_DEVICE_FAMILY = "1,2";
			};
			name = Release;
		};
		525F54B123AB20C100804A4B /* Debug */ = {
			isa = XCBuildConfiguration;
			baseConfigurationReference = A5A384A4B5EFB3366A2B47DD /* Pods-RxswiftExerciseTests.debug.xcconfig */;
			buildSettings = {
				ALWAYS_EMBED_SWIFT_STANDARD_LIBRARIES = YES;
				BUNDLE_LOADER = "$(TEST_HOST)";
				CODE_SIGN_STYLE = Automatic;
				DEVELOPMENT_TEAM = ZV68F9UP8K;
				INFOPLIST_FILE = RxswiftExerciseTests/Info.plist;
				IPHONEOS_DEPLOYMENT_TARGET = 13.2;
				LD_RUNPATH_SEARCH_PATHS = (
					"$(inherited)",
					"@executable_path/Frameworks",
					"@loader_path/Frameworks",
				);
				PRODUCT_BUNDLE_IDENTIFIER = com.aa.RxswiftExerciseTests;
				PRODUCT_NAME = "$(TARGET_NAME)";
				SWIFT_VERSION = 5.0;
				TARGETED_DEVICE_FAMILY = "1,2";
				TEST_HOST = "$(BUILT_PRODUCTS_DIR)/RxswiftExercise.app/RxswiftExercise";
			};
			name = Debug;
		};
		525F54B223AB20C100804A4B /* Release */ = {
			isa = XCBuildConfiguration;
			baseConfigurationReference = BB4A2D336F5ED2B9FD8FD687 /* Pods-RxswiftExerciseTests.release.xcconfig */;
			buildSettings = {
				ALWAYS_EMBED_SWIFT_STANDARD_LIBRARIES = YES;
				BUNDLE_LOADER = "$(TEST_HOST)";
				CODE_SIGN_STYLE = Automatic;
				DEVELOPMENT_TEAM = ZV68F9UP8K;
				INFOPLIST_FILE = RxswiftExerciseTests/Info.plist;
				IPHONEOS_DEPLOYMENT_TARGET = 13.2;
				LD_RUNPATH_SEARCH_PATHS = (
					"$(inherited)",
					"@executable_path/Frameworks",
					"@loader_path/Frameworks",
				);
				PRODUCT_BUNDLE_IDENTIFIER = com.aa.RxswiftExerciseTests;
				PRODUCT_NAME = "$(TARGET_NAME)";
				SWIFT_VERSION = 5.0;
				TARGETED_DEVICE_FAMILY = "1,2";
				TEST_HOST = "$(BUILT_PRODUCTS_DIR)/RxswiftExercise.app/RxswiftExercise";
			};
			name = Release;
		};
		525F54B423AB20C100804A4B /* Debug */ = {
			isa = XCBuildConfiguration;
			baseConfigurationReference = C07B6E43029EE65A91C70508 /* Pods-RxswiftExerciseUITests.debug.xcconfig */;
			buildSettings = {
				ALWAYS_EMBED_SWIFT_STANDARD_LIBRARIES = YES;
				CODE_SIGN_STYLE = Automatic;
				DEVELOPMENT_TEAM = ZV68F9UP8K;
				INFOPLIST_FILE = RxswiftExerciseUITests/Info.plist;
				LD_RUNPATH_SEARCH_PATHS = (
					"$(inherited)",
					"@executable_path/Frameworks",
					"@loader_path/Frameworks",
				);
				PRODUCT_BUNDLE_IDENTIFIER = com.aa.RxswiftExerciseUITests;
				PRODUCT_NAME = "$(TARGET_NAME)";
				SWIFT_VERSION = 5.0;
				TARGETED_DEVICE_FAMILY = "1,2";
				TEST_TARGET_NAME = RxswiftExercise;
			};
			name = Debug;
		};
		525F54B523AB20C100804A4B /* Release */ = {
			isa = XCBuildConfiguration;
			baseConfigurationReference = F10464428B3B351996C62495 /* Pods-RxswiftExerciseUITests.release.xcconfig */;
			buildSettings = {
				ALWAYS_EMBED_SWIFT_STANDARD_LIBRARIES = YES;
				CODE_SIGN_STYLE = Automatic;
				DEVELOPMENT_TEAM = ZV68F9UP8K;
				INFOPLIST_FILE = RxswiftExerciseUITests/Info.plist;
				LD_RUNPATH_SEARCH_PATHS = (
					"$(inherited)",
					"@executable_path/Frameworks",
					"@loader_path/Frameworks",
				);
				PRODUCT_BUNDLE_IDENTIFIER = com.aa.RxswiftExerciseUITests;
				PRODUCT_NAME = "$(TARGET_NAME)";
				SWIFT_VERSION = 5.0;
				TARGETED_DEVICE_FAMILY = "1,2";
				TEST_TARGET_NAME = RxswiftExercise;
			};
			name = Release;
		};
/* End XCBuildConfiguration section */

/* Begin XCConfigurationList section */
		525F547E23AB20BB00804A4B /* Build configuration list for PBXProject "RxswiftExercise" */ = {
			isa = XCConfigurationList;
			buildConfigurations = (
				525F54AB23AB20C100804A4B /* Debug */,
				525F54AC23AB20C100804A4B /* Release */,
			);
			defaultConfigurationIsVisible = 0;
			defaultConfigurationName = Release;
		};
		525F54AD23AB20C100804A4B /* Build configuration list for PBXNativeTarget "RxswiftExercise" */ = {
			isa = XCConfigurationList;
			buildConfigurations = (
				525F54AE23AB20C100804A4B /* Debug */,
				525F54AF23AB20C100804A4B /* Release */,
			);
			defaultConfigurationIsVisible = 0;
			defaultConfigurationName = Release;
		};
		525F54B023AB20C100804A4B /* Build configuration list for PBXNativeTarget "RxswiftExerciseTests" */ = {
			isa = XCConfigurationList;
			buildConfigurations = (
				525F54B123AB20C100804A4B /* Debug */,
				525F54B223AB20C100804A4B /* Release */,
			);
			defaultConfigurationIsVisible = 0;
			defaultConfigurationName = Release;
		};
		525F54B323AB20C100804A4B /* Build configuration list for PBXNativeTarget "RxswiftExerciseUITests" */ = {
			isa = XCConfigurationList;
			buildConfigurations = (
				525F54B423AB20C100804A4B /* Debug */,
				525F54B523AB20C100804A4B /* Release */,
			);
			defaultConfigurationIsVisible = 0;
			defaultConfigurationName = Release;
		};
/* End XCConfigurationList section */
	};
	rootObject = 525F547B23AB20BB00804A4B /* Project object */;
}
